<?xml version="1.0" encoding="utf-8"?>
<Project ToolsVersion="4.0" xmlns="http://schemas.microsoft.com/developer/msbuild/2003">
  <ItemGroup>
    <Filter Include="Source Files">
      <UniqueIdentifier>{4FC737F1-C7A5-4376-A066-2A32D752A2FF}</UniqueIdentifier>
      <Extensions>cpp;c;cc;cxx;c++;cppm;ixx;def;odl;idl;hpj;bat;asm;asmx</Extensions>
    </Filter>
    <Filter Include="Header Files">
      <UniqueIdentifier>{93995380-89BD-4b04-88EB-625FBE52EBFB}</UniqueIdentifier>
      <Extensions>h;hh;hpp;hxx;h++;hm;inl;inc;ipp;xsd</Extensions>
    </Filter>
    <Filter Include="Resource Files">
      <UniqueIdentifier>{67DA6AB6-F800-4c08-8B7A-83BB121AAD01}</UniqueIdentifier>
      <Extensions>rc;ico;cur;bmp;dlg;rc2;rct;bin;rgs;gif;jpg;jpeg;jpe;resx;tiff;tif;png;wav;mfcribbon-ms</Extensions>
    </Filter>
    <Filter Include="aimbot">
      <UniqueIdentifier>{be41a68f-9b35-4633-a181-f8a75727443c}</UniqueIdentifier>
    </Filter>
    <Filter Include="ents">
      <UniqueIdentifier>{cd0a0f1b-c72c-473c-a028-8c48e50fc3fe}</UniqueIdentifier>
    </Filter>
    <Filter Include="geom">
      <UniqueIdentifier>{c5a9844d-5180-4c2d-a907-a1880d310f77}</UniqueIdentifier>
    </Filter>
  </ItemGroup>
  <ItemGroup>
    <ClInclude Include="src\core\drawing.h">
      <Filter>Header Files</Filter>
    </ClInclude>
    <ClInclude Include="src\core\dx.h">
      <Filter>Header Files</Filter>
    </ClInclude>
    <ClInclude Include="src\core\framework.h">
      <Filter>Header Files</Filter>
    </ClInclude>
    <ClInclude Include="src\core\hack.h">
      <Filter>Header Files</Filter>
    </ClInclude>
    <ClInclude Include="src\core\hook.h">
      <Filter>Header Files</Filter>
    </ClInclude>
    <ClInclude Include="src\core\includes.h">
      <Filter>Header Files</Filter>
    </ClInclude>
    <ClInclude Include="src\core\aimbot.h">
      <Filter>Header Files</Filter>
    </ClInclude>
    <ClInclude Include="src\util\csgo.hpp">
      <Filter>Header Files</Filter>
    </ClInclude>
    <ClInclude Include="src\core\ents.h">
      <Filter>Header Files</Filter>
    </ClInclude>
    <ClInclude Include="src\core\geom.h">
      <Filter>Header Files</Filter>
    </ClInclude>
    <ClInclude Include="src\valve\csgotrace.h">
      <Filter>Header Files</Filter>
    </ClInclude>
    <ClInclude Include="src\valve\csgoVector.h">
      <Filter>Header Files</Filter>
    </ClInclude>
    <ClInclude Include="src\valve\csgosdk.h">
      <Filter>Header Files</Filter>
    </ClInclude>
    <ClInclude Include="src\util\memory.h">
      <Filter>Header Files</Filter>
    </ClInclude>
  </ItemGroup>
  <ItemGroup>
    <ClCompile Include="src\core\dllmain.cpp">
      <Filter>Source Files</Filter>
    </ClCompile>
    <ClCompile Include="src\core\drawing.cpp">
      <Filter>Source Files</Filter>
    </ClCompile>
    <ClCompile Include="src\core\dx.cpp">
      <Filter>Source Files</Filter>
    </ClCompile>
    <ClCompile Include="src\core\hack.cpp">
      <Filter>Source Files</Filter>
    </ClCompile>
    <ClCompile Include="src\core\hook.cpp">
      <Filter>Source Files</Filter>
    </ClCompile>
    <ClCompile Include="src\core\Aimbot.cpp">
      <Filter>Source Files</Filter>
    </ClCompile>
  </ItemGroup>
</Project>